// !$*UTF8*$!
{
	archiveVersion = 1;
	classes = {
	};
	objectVersion = 46;
	objects = {

/* Begin PBXBuildFile section */
		74456DB51D17492600123439 /* AppDelegate.swift in Sources */ = {isa = PBXBuildFile; fileRef = 74456DB41D17492600123439 /* AppDelegate.swift */; };
		74456DB71D17492600123439 /* ViewController.swift in Sources */ = {isa = PBXBuildFile; fileRef = 74456DB61D17492600123439 /* ViewController.swift */; };
		74456DBA1D17492600123439 /* Main.storyboard in Resources */ = {isa = PBXBuildFile; fileRef = 74456DB81D17492600123439 /* Main.storyboard */; };
		74456DBC1D17492600123439 /* Assets.xcassets in Resources */ = {isa = PBXBuildFile; fileRef = 74456DBB1D17492600123439 /* Assets.xcassets */; };
		74456DBF1D17492600123439 /* LaunchScreen.storyboard in Resources */ = {isa = PBXBuildFile; fileRef = 74456DBD1D17492600123439 /* LaunchScreen.storyboard */; };
/* End PBXBuildFile section */

/* Begin PBXFileReference section */
		74456DB11D17492600123439 /* Prototype Cafe.app */ = {isa = PBXFileReference; explicitFileType = wrapper.application; includeInIndex = 0; path = "Prototype Cafe.app"; sourceTree = BUILT_PRODUCTS_DIR; };
		74456DB41D17492600123439 /* AppDelegate.swift */ = {isa = PBXFileReference; lastKnownFileType = sourcecode.swift; path = AppDelegate.swift; sourceTree = "<group>"; };
		74456DB61D17492600123439 /* ViewController.swift */ = {isa = PBXFileReference; lastKnownFileType = sourcecode.swift; path = ViewController.swift; sourceTree = "<group>"; };
		74456DB91D17492600123439 /* Base */ = {isa = PBXFileReference; lastKnownFileType = file.storyboard; name = Base; path = Base.lproj/Main.storyboard; sourceTree = "<group>"; };
		74456DBB1D17492600123439 /* Assets.xcassets */ = {isa = PBXFileReference; lastKnownFileType = folder.assetcatalog; path = Assets.xcassets; sourceTree = "<group>"; };
		74456DBE1D17492600123439 /* Base */ = {isa = PBXFileReference; lastKnownFileType = file.storyboard; name = Base; path = Base.lproj/LaunchScreen.storyboard; sourceTree = "<group>"; };
		74456DC01D17492600123439 /* Info.plist */ = {isa = PBXFileReference; lastKnownFileType = text.plist.xml; path = Info.plist; sourceTree = "<group>"; };
/* End PBXFileReference section */

/* Begin PBXFrameworksBuildPhase section */
		74456DAE1D17492600123439 /* Frameworks */ = {
			isa = PBXFrameworksBuildPhase;
			buildActionMask = 2147483647;
			files = (
			);
			runOnlyForDeploymentPostprocessing = 0;
		};
/* End PBXFrameworksBuildPhase section */

/* Begin PBXGroup section */
		74456DA81D17492600123439 = {
			isa = PBXGroup;
			children = (
				74456DB31D17492600123439 /* Prototype Cafe */,
				74456DB21D17492600123439 /* Products */,
			);
			sourceTree = "<group>";
		};
		74456DB21D17492600123439 /* Products */ = {
			isa = PBXGroup;
			children = (
				74456DB11D17492600123439 /* Prototype Cafe.app */,
			);
			name = Products;
			sourceTree = "<group>";
		};
		74456DB31D17492600123439 /* Prototype Cafe */ = {
			isa = PBXGroup;
			children = (
				74456DB41D17492600123439 /* AppDelegate.swift */,
				74456DB61D17492600123439 /* ViewController.swift */,
				74456DB81D17492600123439 /* Main.storyboard */,
				74456DBB1D17492600123439 /* Assets.xcassets */,
				74456DBD1D17492600123439 /* LaunchScreen.storyboard */,
				74456DC01D17492600123439 /* Info.plist */,
			);
			path = "Prototype Cafe";
			sourceTree = "<group>";
		};
/* End PBXGroup section */

/* Begin PBXNativeTarget section */
		74456DB01D17492600123439 /* Prototype Cafe */ = {
			isa = PBXNativeTarget;
			buildConfigurationList = 74456DC31D17492600123439 /* Build configuration list for PBXNativeTarget "Prototype Cafe" */;
			buildPhases = (
				74456DAD1D17492600123439 /* Sources */,
				74456DAE1D17492600123439 /* Frameworks */,
				74456DAF1D17492600123439 /* Resources */,
			);
			buildRules = (
			);
			dependencies = (
			);
			name = "Prototype Cafe";
			productName = "Prototype Cafe";
			productReference = 74456DB11D17492600123439 /* Prototype Cafe.app */;
			productType = "com.apple.product-type.application";
		};
/* End PBXNativeTarget section */

/* Begin PBXProject section */
		74456DA91D17492600123439 /* Project object */ = {
			isa = PBXProject;
			attributes = {
				LastSwiftUpdateCheck = 0720;
				LastUpgradeCheck = 0720;
				ORGANIZATIONNAME = "Shana Moore";
				TargetAttributes = {
					74456DB01D17492600123439 = {
						CreatedOnToolsVersion = 7.2.1;
					};
				};
			};
			buildConfigurationList = 74456DAC1D17492600123439 /* Build configuration list for PBXProject "Prototype Cafe" */;
			compatibilityVersion = "Xcode 3.2";
			developmentRegion = English;
			hasScannedForEncodings = 0;
			knownRegions = (
				en,
				Base,
			);
			mainGroup = 74456DA81D17492600123439;
			productRefGroup = 74456DB21D17492600123439 /* Products */;
			projectDirPath = "";
			projectRoot = "";
			targets = (
				74456DB01D17492600123439 /* Prototype Cafe */,
			);
		};
/* End PBXProject section */

/* Begin PBXResourcesBuildPhase section */
		74456DAF1D17492600123439 /* Resources */ = {
			isa = PBXResourcesBuildPhase;
			buildActionMask = 2147483647;
			files = (
				74456DBF1D17492600123439 /* LaunchScreen.storyboard in Resources */,
				74456DBC1D17492600123439 /* Assets.xcassets in Resources */,
				74456DBA1D17492600123439 /* Main.storyboard in Resources */,
			);
			runOnlyForDeploymentPostprocessing = 0;
		};
/* End PBXResourcesBuildPhase section */

/* Begin PBXSourcesBuildPhase section */
		74456DAD1D17492600123439 /* Sources */ = {
			isa = PBXSourcesBuildPhase;
			buildActionMask = 2147483647;
			files = (
				74456DB71D17492600123439 /* ViewController.swift in Sources */,
				74456DB51D17492600123439 /* AppDelegate.swift in Sources */,
			);
			runOnlyForDeploymentPostprocessing = 0;
		};
/* End PBXSourcesBuildPhase section */

/* Begin PBXVariantGroup section */
		74456DB81D17492600123439 /* Main.storyboard */ = {
			isa = PBXVariantGroup;
			children = (
				74456DB91D17492600123439 /* Base */,
			);
			name = Main.storyboard;
			sourceTree = "<group>";
		};
		74456DBD1D17492600123439 /* LaunchScreen.storyboard */ = {
			isa = PBXVariantGroup;
			children = (
				74456DBE1D17492600123439 /* Base */,
			);
			name = LaunchScreen.storyboard;
			sourceTree = "<group>";
		};
/* End PBXVariantGroup section */

/* Begin XCBuildConfiguration section */
		74456DC11D17492600123439 /* Debug */ = {
			isa = XCBuildConfiguration;
			buildSettings = {
				ALWAYS_SEARCH_USER_PATHS = NO;
				CLANG_CXX_LANGUAGE_STANDARD = "gnu++0x";
				CLANG_CXX_LIBRARY = "libc++";
				CLANG_ENABLE_MODULES = YES;
				CLANG_ENABLE_OBJC_ARC = YES;
				CLANG_WARN_BOOL_CONVERSION = YES;
				CLANG_WARN_CONSTANT_CONVERSION = YES;
				CLANG_WARN_DIRECT_OBJC_ISA_USAGE = YES_ERROR;
				CLANG_WARN_EMPTY_BODY = YES;
				CLANG_WARN_ENUM_CONVERSION = YES;
				CLANG_WARN_INT_CONVERSION = YES;
				CLANG_WARN_OBJC_ROOT_CLASS = YES_ERROR;
				CLANG_WARN_UNREACHABLE_CODE = YES;
				CLANG_WARN__DUPLICATE_METHOD_MATCH = YES;
				"CODE_SIGN_IDENTITY[sdk=iphoneos*]" = "iPhone Developer";
				COPY_PHASE_STRIP = NO;
				DEBUG_INFORMATION_FORMAT = dwarf;
				ENABLE_STRICT_OBJC_MSGSEND = YES;
				ENABLE_TESTABILITY = YES;
				GCC_C_LANGUAGE_STANDARD = gnu99;
				GCC_DYNAMIC_NO_PIC = NO;
				GCC_NO_COMMON_BLOCKS = YES;
				GCC_OPTIMIZATION_LEVEL = 0;
				GCC_PREPROCESSOR_DEFINITIONS = (
					"DEBUG=1",
					"$(inherited)",
				);
				GCC_WARN_64_TO_32_BIT_CONVERSION = YES;
				GCC_WARN_ABOUT_RETURN_TYPE = YES_ERROR;
				GCC_WARN_UNDECLARED_SELECTOR = YES;
				GCC_WARN_UNINITIALIZED_AUTOS = YES_AGGRESSIVE;
				GCC_WARN_UNUSED_FUNCTION = YES;
				GCC_WARN_UNUSED_VARIABLE = YES;
				IPHONEOS_DEPLOYMENT_TARGET = 9.2;
				MTL_ENABLE_DEBUG_INFO = YES;
				ONLY_ACTIVE_ARCH = YES;
				SDKROOT = iphoneos;
				SWIFT_OPTIMIZATION_LEVEL = "-Onone";
			};
			name = Debug;
		};
		74456DC21D17492600123439 /* Release */ = {
			isa = XCBuildConfiguration;
			buildSettings = {
				ALWAYS_SEARCH_USER_PATHS = NO;
				CLANG_CXX_LANGUAGE_STANDARD = "gnu++0x";
				CLANG_CXX_LIBRARY = "libc++";
				CLANG_ENABLE_MODULES = YES;
				CLANG_ENABLE_OBJC_ARC = YES;
				CLANG_WARN_BOOL_CONVERSION = YES;
				CLANG_WARN_CONSTANT_CONVERSION = YES;
				CLANG_WARN_DIRECT_OBJC_ISA_USAGE = YES_ERROR;
				CLANG_WARN_EMPTY_BODY = YES;
				CLANG_WARN_ENUM_CONVERSION = YES;
				CLANG_WARN_INT_CONVERSION = YES;
				CLANG_WARN_OBJC_ROOT_CLASS = YES_ERROR;
				CLANG_WARN_UNREACHABLE_CODE = YES;
				CLANG_WARN__DUPLICATE_METHOD_MATCH = YES;
				"CODE_SIGN_IDENTITY[sdk=iphoneos*]" = "iPhone Developer";
				COPY_PHASE_STRIP = NO;
				DEBUG_INFORMATION_FORMAT = "dwarf-with-dsym";
				ENABLE_NS_ASSERTIONS = NO;
				ENABLE_STRICT_OBJC_MSGSEND = YES;
				GCC_C_LANGUAGE_STANDARD = gnu99;
				GCC_NO_COMMON_BLOCKS = YES;
				GCC_WARN_64_TO_32_BIT_CONVERSION = YES;
				GCC_WARN_ABOUT_RETURN_TYPE = YES_ERROR;
				GCC_WARN_UNDECLARED_SELECTOR = YES;
				GCC_WARN_UNINITIALIZED_AUTOS = YES_AGGRESSIVE;
				GCC_WARN_UNUSED_FUNCTION = YES;
				GCC_WARN_UNUSED_VARIABLE = YES;
				IPHONEOS_DEPLOYMENT_TARGET = 9.2;
				MTL_ENABLE_DEBUG_INFO = NO;
				SDKROOT = iphoneos;
				VALIDATE_PRODUCT = YES;
			};
			name = Release;
		};
		74456DC41D17492600123439 /* Debug */ = {
			isa = XCBuildConfiguration;
			buildSettings = {
				ASSETCATALOG_COMPILER_APPICON_NAME = AppIcon;
				INFOPLIST_FILE = "Prototype Cafe/Info.plist";
				LD_RUNPATH_SEARCH_PATHS = "$(inherited) @executable_path/Frameworks";
				PRODUCT_BUNDLE_IDENTIFIER = "com.shanalmoore.Prototype-Cafe";
				PRODUCT_NAME = "$(TARGET_NAME)";
			};
			name = Debug;
		};
		74456DC51D17492600123439 /* Release */ = {
			isa = XCBuildConfiguration;
			buildSettings = {
				ASSETCATALOG_COMPILER_APPICON_NAME = AppIcon;
				INFOPLIST_FILE = "Prototype Cafe/Info.plist";
				LD_RUNPATH_SEARCH_PATHS = "$(inherited) @executable_path/Frameworks";
				PRODUCT_BUNDLE_IDENTIFIER = "com.shanalmoore.Prototype-Cafe";
				PRODUCT_NAME = "$(TARGET_NAME)";
			};
			name = Release;
		};
/* End XCBuildConfiguration section */

/* Begin XCConfigurationList section */
		74456DAC1D17492600123439 /* Build configuration list for PBXProject "Prototype Cafe" */ = {
			isa = XCConfigurationList;
			buildConfigurations = (
				74456DC11D17492600123439 /* Debug */,
				74456DC21D17492600123439 /* Release */,
			);
			defaultConfigurationIsVisible = 0;
			defaultConfigurationName = Release;
		};
		74456DC31D17492600123439 /* Build configuration list for PBXNativeTarget "Prototype Cafe" */ = {
			isa = XCConfigurationList;
			buildConfigurations = (
				74456DC41D17492600123439 /* Debug */,
				74456DC51D17492600123439 /* Release */,
			);
			defaultConfigurationIsVisible = 0;
		};
/* End XCConfigurationList section */
	};
	rootObject = 74456DA91D17492600123439 /* Project object */;
}
